
Microsoft Visual Studio Solution File, Format Version 12.00
# Visual Studio Version 17
VisualStudioVersion = 17.3.32922.545
MinimumVisualStudioVersion = 10.0.40219.1
Project("{FAE04EC0-301F-11D3-BF4B-00C04F79EFBC}") = "CodeFirstFinal", "CodeFirstFinal\CodeFirstFinal.csproj", "{A0B336A6-2291-4391-AB5A-D59921554F06}"
EndProject
Global
	GlobalSection(SolutionConfigurationPlatforms) = preSolution
		Debug|Any CPU = Debug|Any CPU
		Release|Any CPU = Release|Any CPU
	EndGlobalSection
	GlobalSection(ProjectConfigurationPlatforms) = postSolution
		{A0B336A6-2291-4391-AB5A-D59921554F06}.Debug|Any CPU.ActiveCfg = Debug|Any CPU
		{A0B336A6-2291-4391-AB5A-D59921554F06}.Debug|Any CPU.Build.0 = Debug|Any CPU
		{A0B336A6-2291-4391-AB5A-D59921554F06}.Release|Any CPU.ActiveCfg = Release|Any CPU
		{A0B336A6-2291-4391-AB5A-D59921554F06}.Release|Any CPU.Build.0 = Release|Any CPU
	EndGlobalSection
	GlobalSection(SolutionProperties) = preSolution
		HideSolutionNode = FALSE
	EndGlobalSection
	GlobalSection(ExtensibilityGlobals) = postSolution
		SolutionGuid = {491EB2B4-517A-4218-969E-7758D2CCCF4D}
	EndGlobalSection
EndGlobal
